
Microsoft Visual Studio Solution File, Format Version 12.00
# Visual Studio 2012
Project("{8BC9CEB8-8B4A-11D0-8D11-00A0C91BC942}") = "multithread-cuda", "multithread-cuda\multithread-cuda.vcxproj", "{33FF6BC1-5053-4612-88E9-6E5B116B6C54}"
EndProject
Global
	GlobalSection(SolutionConfigurationPlatforms) = preSolution
		Debug|Win32 = Debug|Win32
		Release|Win32 = Release|Win32
	EndGlobalSection
	GlobalSection(ProjectConfigurationPlatforms) = postSolution
		{33FF6BC1-5053-4612-88E9-6E5B116B6C54}.Debug|Win32.ActiveCfg = Debug|Win32
		{33FF6BC1-5053-4612-88E9-6E5B116B6C54}.Debug|Win32.Build.0 = Debug|Win32
		{33FF6BC1-5053-4612-88E9-6E5B116B6C54}.Release|Win32.ActiveCfg = Release|Win32
		{33FF6BC1-5053-4612-88E9-6E5B116B6C54}.Release|Win32.Build.0 = Release|Win32
	EndGlobalSection
	GlobalSection(SolutionProperties) = preSolution
		HideSolutionNode = FALSE
	EndGlobalSection
EndGlobal
